
Microsoft Visual Studio Solution File, Format Version 12.00
# Visual Studio Version 17
VisualStudioVersion = 17.14.36429.23 d17.14
MinimumVisualStudioVersion = 10.0.40219.1
Project("{FAE04EC0-301F-11D3-BF4B-00C04F79EFBC}") = "BasicThreading", "BasicThreading\BasicThreading.csproj", "{D75B53FD-0437-4690-98B4-B3983B182343}"
EndProject
Global
	GlobalSection(SolutionConfigurationPlatforms) = preSolution
		Debug|Any CPU = Debug|Any CPU
		Release|Any CPU = Release|Any CPU
	EndGlobalSection
	GlobalSection(ProjectConfigurationPlatforms) = postSolution
		{D75B53FD-0437-4690-98B4-B3983B182343}.Debug|Any CPU.ActiveCfg = Debug|Any CPU
		{D75B53FD-0437-4690-98B4-B3983B182343}.Debug|Any CPU.Build.0 = Debug|Any CPU
		{D75B53FD-0437-4690-98B4-B3983B182343}.Release|Any CPU.ActiveCfg = Release|Any CPU
		{D75B53FD-0437-4690-98B4-B3983B182343}.Release|Any CPU.Build.0 = Release|Any CPU
	EndGlobalSection
	GlobalSection(SolutionProperties) = preSolution
		HideSolutionNode = FALSE
	EndGlobalSection
	GlobalSection(ExtensibilityGlobals) = postSolution
		SolutionGuid = {4A298128-ACBE-479C-883A-B1FC5436424E}
	EndGlobalSection
EndGlobal
